version = 1
revision = 3
requires-python = ">=3.14"

[options]
exclude-newer = "0001-01-01T00:00:00Z" # This has no effect and is included for backwards compatibility when using relative exclude-newer values.
exclude-newer-span = "P7D"

[[package]]
name = "anyio"
version = "4.13.0"
source = { registry = "https://pypi.org/simple" }
dependencies = [
    { name = "idna" },
]
sdist = { url = "https://files.pythonhosted.org/packages/19/14/2c5dd9f512b66549ae92767a9c7b330ae88e1932ca57876909410251fe13/anyio-4.13.0.tar.gz", hash = "sha256:334b70e641fd2221c1505b3890c69882fe4a2df910cba14d97019b90b24439dc", size = 231622, upload-time = "2026-03-24T12:59:09.671Z" }
wheels = [
    { url = "https://files.pythonhosted.org/packages/da/42/e921fccf5015463e32a3cf6ee7f980a6ed0f395ceeaa45060b61d86486c2/anyio-4.13.0-py3-none-any.whl", hash = "sha256:08b310f9e24a9594186fd75b4f73f4a4152069e3853f1ed8bfbf58369f4ad708", size = 114353, upload-time = "2026-03-24T12:59:08.246Z" },
]

[[package]]
name = "certifi"
version = "2026.4.22"
source = { registry = "https://pypi.org/simple" }
sdist = { url = "https://files.pythonhosted.org/packages/25/ee/6caf7a40c36a1220410afe15a1cc64993a1f864871f698c0f93acb72842a/certifi-2026.4.22.tar.gz", hash = "sha256:8d455352a37b71bf76a79caa83a3d6c25afee4a385d632127b6afb3963f1c580", size = 137077, upload-time = "2026-04-22T11:26:11.191Z" }
wheels = [
    { url = "https://files.pythonhosted.org/packages/22/30/7cd8fdcdfbc5b869528b079bfb76dcdf6056b1a2097a662e5e8c04f42965/certifi-2026.4.22-py3-none-any.whl", hash = "sha256:3cb2210c8f88ba2318d29b0388d1023c8492ff72ecdde4ebdaddbb13a31b1c4a", size = 135707, upload-time = "2026-04-22T11:26:09.372Z" },
]

[[package]]
name = "esi-examples"
version = "0.1.0"
source = { virtual = "." }

[package.dev-dependencies]
dev = [
    { name = "httpx2" },
    { name = "pyyaml" },
    { name = "rich" },
    { name = "ruff" },
    { name = "whenever" },
]

[package.metadata]

[package.metadata.requires-dev]
dev = [
    { name = "httpx2", specifier = ">=2.0.0" },
    { name = "pyyaml", specifier = ">=6.0.3" },
    { name = "rich", specifier = ">=15.0.0" },
    { name = "ruff", specifier = ">=0.15.12" },
    { name = "whenever", specifier = ">=0.10.0" },
]

[[package]]
name = "h11"
version = "0.16.0"
source = { registry = "https://pypi.org/simple" }
sdist = { url = "https://files.pythonhosted.org/packages/01/ee/02a2c011bdab74c6fb3c75474d40b3052059d95df7e73351460c8588d963/h11-0.16.0.tar.gz", hash = "sha256:4e35b956cf45792e4caa5885e69fba00bdbc6ffafbfa020300e549b208ee5ff1", size = 101250, upload-time = "2025-04-24T03:35:25.427Z" }
wheels = [
    { url = "https://files.pythonhosted.org/packages/04/4b/29cac41a4d98d144bf5f6d33995617b185d14b22401f75ca86f384e87ff1/h11-0.16.0-py3-none-any.whl", hash = "sha256:63cf8bbe7522de3bf65932fda1d9c2772064ffb3dae62d55932da54b31cb6c86", size = 37515, upload-time = "2025-04-24T03:35:24.344Z" },
]

[[package]]
name = "httpcore2"
version = "2.0.0"
source = { registry = "https://pypi.org/simple" }
dependencies = [
    { name = "certifi" },
    { name = "h11" },
]
sdist = { url = "https://files.pythonhosted.org/packages/c5/18/e51f5729684acaaab4d1cfca0777ac0f86440c65d2814992442ed5ef02e1/httpcore2-2.0.0.tar.gz", hash = "sha256:403692e0a0e8ea6de90993cdea815b2454d2ff5426e61d2a244846c12506af76", size = 63864, upload-time = "2026-05-12T17:59:22.073Z" }
wheels = [
    { url = "https://files.pythonhosted.org/packages/ae/67/784fd58a5b4dbe8b2aee0cafc6959cb8b53c1b7e9d6e4281f8a4c6935c10/httpcore2-2.0.0-py3-none-any.whl", hash = "sha256:4bd78675c48edafd522c5224a18e3a5f6e71dbe95a73497177d432072a7b6b43", size = 79673, upload-time = "2026-05-12T17:59:18.996Z" },
]

[[package]]
name = "httpx2"
version = "2.0.0"
source = { registry = "https://pypi.org/simple" }
dependencies = [
    { name = "anyio" },
    { name = "certifi" },
    { name = "httpcore2" },
    { name = "idna" },
]
sdist = { url = "https://files.pythonhosted.org/packages/70/95/868b3df4aa6f9cecb42aaf82a55a5a2c8ef40df76d709b812e1553d6a928/httpx2-2.0.0.tar.gz", hash = "sha256:f354249d2a9edce26e08fd2ad2276e98317b5763f673bb0d90f3ce9382cc2aed", size = 79506, upload-time = "2026-05-12T17:59:23.174Z" }
wheels = [
    { url = "https://files.pythonhosted.org/packages/e9/25/66215a750faeb79b698286c0d0b94894482cfae10371ae4968ef6e165a28/httpx2-2.0.0-py3-none-any.whl", hash = "sha256:dfb5ae245f3985681296a000453f1e5fffee322eb531feabcdaf1557ad978b6a", size = 73424, upload-time = "2026-05-12T17:59:20.403Z" },
]

[[package]]
name = "idna"
version = "3.15"
source = { registry = "https://pypi.org/simple" }
sdist = { url = "https://files.pythonhosted.org/packages/82/77/7b3966d0b9d1d31a36ddf1746926a11dface89a83409bf1483f0237aa758/idna-3.15.tar.gz", hash = "sha256:ca962446ea538f7092a95e057da437618e886f4d349216d2b1e294abfdb65fdc", size = 199245, upload-time = "2026-05-12T22:45:57.011Z" }
wheels = [
    { url = "https://files.pythonhosted.org/packages/d2/23/408243171aa9aaba178d3e2559159c24c1171a641aa83b67bdd3394ead8e/idna-3.15-py3-none-any.whl", hash = "sha256:048adeaf8c2d788c40fee287673ccaa74c24ffd8dcf09ffa555a2fbb59f10ac8", size = 72340, upload-time = "2026-05-12T22:45:55.733Z" },
]

[[package]]
name = "markdown-it-py"
version = "4.2.0"
source = { registry = "https://pypi.org/simple" }
dependencies = [
    { name = "mdurl" },
]
sdist = { url = "https://files.pythonhosted.org/packages/06/ff/7841249c247aa650a76b9ee4bbaeae59370dc8bfd2f6c01f3630c35eb134/markdown_it_py-4.2.0.tar.gz", hash = "sha256:04a21681d6fbb623de53f6f364d352309d4094dd4194040a10fd51833e418d49", size = 82454, upload-time = "2026-05-07T12:08:28.36Z" }
wheels = [
    { url = "https://files.pythonhosted.org/packages/b3/81/4da04ced5a082363ecfa159c010d200ecbd959ae410c10c0264a38cac0f5/markdown_it_py-4.2.0-py3-none-any.whl", hash = "sha256:9f7ebbcd14fe59494226453aed97c1070d83f8d24b6fc3a3bcf9a38092641c4a", size = 91687, upload-time = "2026-05-07T12:08:27.182Z" },
]

[[package]]
name = "mdurl"
version = "0.1.2"
source = { registry = "https://pypi.org/simple" }
sdist = { url = "https://files.pythonhosted.org/packages/d6/54/cfe61301667036ec958cb99bd3efefba235e65cdeb9c84d24a8293ba1d90/mdurl-0.1.2.tar.gz", hash = "sha256:bb413d29f5eea38f31dd4754dd7377d4465116fb207585f97bf925588687c1ba", size = 8729, upload-time = "2022-08-14T12:40:10.846Z" }
wheels = [
    { url = "https://files.pythonhosted.org/packages/b3/38/89ba8ad64ae25be8de66a6d463314cf1eb366222074cfda9ee839c56a4b4/mdurl-0.1.2-py3-none-any.whl", hash = "sha256:84008a41e51615a49fc9966191ff91509e3c40b939176e643fd50a5c2196b8f8", size = 9979, upload-time = "2022-08-14T12:40:09.779Z" },
]

[[package]]
name = "pygments"
version = "2.20.0"
source = { registry = "https://pypi.org/simple" }
sdist = { url = "https://files.pythonhosted.org/packages/c3/b2/bc9c9196916376152d655522fdcebac55e66de6603a76a02bca1b6414f6c/pygments-2.20.0.tar.gz", hash = "sha256:6757cd03768053ff99f3039c1a36d6c0aa0b263438fcab17520b30a303a82b5f", size = 4955991, upload-time = "2026-03-29T13:29:33.898Z" }
wheels = [
    { url = "https://files.pythonhosted.org/packages/f4/7e/a72dd26f3b0f4f2bf1dd8923c85f7ceb43172af56d63c7383eb62b332364/pygments-2.20.0-py3-none-any.whl", hash = "sha256:81a9e26dd42fd28a23a2d169d86d7ac03b46e2f8b59ed4698fb4785f946d0176", size = 1231151, upload-time = "2026-03-29T13:29:30.038Z" },
]

[[package]]
name = "pyyaml"
version = "6.0.3"
source = { registry = "https://pypi.org/simple" }
sdist = { url = "https://files.pythonhosted.org/packages/05/8e/961c0007c59b8dd7729d542c61a4d537767a59645b82a0b521206e1e25c2/pyyaml-6.0.3.tar.gz", hash = "sha256:d76623373421df22fb4cf8817020cbb7ef15c725b9d5e45f17e189bfc384190f", size = 130960, upload-time = "2025-09-25T21:33:16.546Z" }
wheels = [
    { url = "https://files.pythonhosted.org/packages/9d/8c/f4bd7f6465179953d3ac9bc44ac1a8a3e6122cf8ada906b4f96c60172d43/pyyaml-6.0.3-cp314-cp314-macosx_10_13_x86_64.whl", hash = "sha256:8d1fab6bb153a416f9aeb4b8763bc0f22a5586065f86f7664fc23339fc1c1fac", size = 181814, upload-time = "2025-09-25T21:32:35.712Z" },
    { url = "https://files.pythonhosted.org/packages/bd/9c/4d95bb87eb2063d20db7b60faa3840c1b18025517ae857371c4dd55a6b3a/pyyaml-6.0.3-cp314-cp314-macosx_11_0_arm64.whl", hash = "sha256:34d5fcd24b8445fadc33f9cf348c1047101756fd760b4dacb5c3e99755703310", size = 173809, upload-time = "2025-09-25T21:32:36.789Z" },
    { url = "https://files.pythonhosted.org/packages/92/b5/47e807c2623074914e29dabd16cbbdd4bf5e9b2db9f8090fa64411fc5382/pyyaml-6.0.3-cp314-cp314-manylinux2014_aarch64.manylinux_2_17_aarch64.manylinux_2_28_aarch64.whl", hash = "sha256:501a031947e3a9025ed4405a168e6ef5ae3126c59f90ce0cd6f2bfc477be31b7", size = 766454, upload-time = "2025-09-25T21:32:37.966Z" },
    { url = "https://files.pythonhosted.org/packages/02/9e/e5e9b168be58564121efb3de6859c452fccde0ab093d8438905899a3a483/pyyaml-6.0.3-cp314-cp314-manylinux2014_s390x.manylinux_2_17_s390x.manylinux_2_28_s390x.whl", hash = "sha256:b3bc83488de33889877a0f2543ade9f70c67d66d9ebb4ac959502e12de895788", size = 836355, upload-time = "2025-09-25T21:32:39.178Z" },
    { url = "https://files.pythonhosted.org/packages/88/f9/16491d7ed2a919954993e48aa941b200f38040928474c9e85ea9e64222c3/pyyaml-6.0.3-cp314-cp314-manylinux2014_x86_64.manylinux_2_17_x86_64.manylinux_2_28_x86_64.whl", hash = "sha256:c458b6d084f9b935061bc36216e8a69a7e293a2f1e68bf956dcd9e6cbcd143f5", size = 794175, upload-time = "2025-09-25T21:32:40.865Z" },
    { url = "https://files.pythonhosted.org/packages/dd/3f/5989debef34dc6397317802b527dbbafb2b4760878a53d4166579111411e/pyyaml-6.0.3-cp314-cp314-musllinux_1_2_aarch64.whl", hash = "sha256:7c6610def4f163542a622a73fb39f534f8c101d690126992300bf3207eab9764", size = 755228, upload-time = "2025-09-25T21:32:42.084Z" },
    { url = "https://files.pythonhosted.org/packages/d7/ce/af88a49043cd2e265be63d083fc75b27b6ed062f5f9fd6cdc223ad62f03e/pyyaml-6.0.3-cp314-cp314-musllinux_1_2_x86_64.whl", hash = "sha256:5190d403f121660ce8d1d2c1bb2ef1bd05b5f68533fc5c2ea899bd15f4399b35", size = 789194, upload-time = "2025-09-25T21:32:43.362Z" },
    { url = "https://files.pythonhosted.org/packages/23/20/bb6982b26a40bb43951265ba29d4c246ef0ff59c9fdcdf0ed04e0687de4d/pyyaml-6.0.3-cp314-cp314-win_amd64.whl", hash = "sha256:4a2e8cebe2ff6ab7d1050ecd59c25d4c8bd7e6f400f5f82b96557ac0abafd0ac", size = 156429, upload-time = "2025-09-25T21:32:57.844Z" },
    { url = "https://files.pythonhosted.org/packages/f4/f4/a4541072bb9422c8a883ab55255f918fa378ecf083f5b85e87fc2b4eda1b/pyyaml-6.0.3-cp314-cp314-win_arm64.whl", hash = "sha256:93dda82c9c22deb0a405ea4dc5f2d0cda384168e466364dec6255b293923b2f3", size = 143912, upload-time = "2025-09-25T21:32:59.247Z" },
    { url = "https://files.pythonhosted.org/packages/7c/f9/07dd09ae774e4616edf6cda684ee78f97777bdd15847253637a6f052a62f/pyyaml-6.0.3-cp314-cp314t-macosx_10_13_x86_64.whl", hash = "sha256:02893d100e99e03eda1c8fd5c441d8c60103fd175728e23e431db1b589cf5ab3", size = 189108, upload-time = "2025-09-25T21:32:44.377Z" },
    { url = "https://files.pythonhosted.org/packages/4e/78/8d08c9fb7ce09ad8c38ad533c1191cf27f7ae1effe5bb9400a46d9437fcf/pyyaml-6.0.3-cp314-cp314t-macosx_11_0_arm64.whl", hash = "sha256:c1ff362665ae507275af2853520967820d9124984e0f7466736aea23d8611fba", size = 183641, upload-time = "2025-09-25T21:32:45.407Z" },
    { url = "https://files.pythonhosted.org/packages/7b/5b/3babb19104a46945cf816d047db2788bcaf8c94527a805610b0289a01c6b/pyyaml-6.0.3-cp314-cp314t-manylinux2014_aarch64.manylinux_2_17_aarch64.manylinux_2_28_aarch64.whl", hash = "sha256:6adc77889b628398debc7b65c073bcb99c4a0237b248cacaf3fe8a557563ef6c", size = 831901, upload-time = "2025-09-25T21:32:48.83Z" },
    { url = "https://files.pythonhosted.org/packages/8b/cc/dff0684d8dc44da4d22a13f35f073d558c268780ce3c6ba1b87055bb0b87/pyyaml-6.0.3-cp314-cp314t-manylinux2014_s390x.manylinux_2_17_s390x.manylinux_2_28_s390x.whl", hash = "sha256:a80cb027f6b349846a3bf6d73b5e95e782175e52f22108cfa17876aaeff93702", size = 861132, upload-time = "2025-09-25T21:32:50.149Z" },
    { url = "https://files.pythonhosted.org/packages/b1/5e/f77dc6b9036943e285ba76b49e118d9ea929885becb0a29ba8a7c75e29fe/pyyaml-6.0.3-cp314-cp314t-manylinux2014_x86_64.manylinux_2_17_x86_64.manylinux_2_28_x86_64.whl", hash = "sha256:00c4bdeba853cc34e7dd471f16b4114f4162dc03e6b7afcc2128711f0eca823c", size = 839261, upload-time = "2025-09-25T21:32:51.808Z" },
    { url = "https://files.pythonhosted.org/packages/ce/88/a9db1376aa2a228197c58b37302f284b5617f56a5d959fd1763fb1675ce6/pyyaml-6.0.3-cp314-cp314t-musllinux_1_2_aarch64.whl", hash = "sha256:66e1674c3ef6f541c35191caae2d429b967b99e02040f5ba928632d9a7f0f065", size = 805272, upload-time = "2025-09-25T21:32:52.941Z" },
    { url = "https://files.pythonhosted.org/packages/da/92/1446574745d74df0c92e6aa4a7b0b3130706a4142b2d1a5869f2eaa423c6/pyyaml-6.0.3-cp314-cp314t-musllinux_1_2_x86_64.whl", hash = "sha256:16249ee61e95f858e83976573de0f5b2893b3677ba71c9dd36b9cf8be9ac6d65", size = 829923, upload-time = "2025-09-25T21:32:54.537Z" },
    { url = "https://files.pythonhosted.org/packages/f0/7a/1c7270340330e575b92f397352af856a8c06f230aa3e76f86b39d01b416a/pyyaml-6.0.3-cp314-cp314t-win_amd64.whl", hash = "sha256:4ad1906908f2f5ae4e5a8ddfce73c320c2a1429ec52eafd27138b7f1cbe341c9", size = 174062, upload-time = "2025-09-25T21:32:55.767Z" },
    { url = "https://files.pythonhosted.org/packages/f1/12/de94a39c2ef588c7e6455cfbe7343d3b2dc9d6b6b2f40c4c6565744c873d/pyyaml-6.0.3-cp314-cp314t-win_arm64.whl", hash = "sha256:ebc55a14a21cb14062aa4162f906cd962b28e2e9ea38f9b4391244cd8de4ae0b", size = 149341, upload-time = "2025-09-25T21:32:56.828Z" },
]

[[package]]
name = "rich"
version = "15.0.0"
source = { registry = "https://pypi.org/simple" }
dependencies = [
    { name = "markdown-it-py" },
    { name = "pygments" },
]
sdist = { url = "https://files.pythonhosted.org/packages/c0/8f/0722ca900cc807c13a6a0c696dacf35430f72e0ec571c4275d2371fca3e9/rich-15.0.0.tar.gz", hash = "sha256:edd07a4824c6b40189fb7ac9bc4c52536e9780fbbfbddf6f1e2502c31b068c36", size = 230680, upload-time = "2026-04-12T08:24:00.75Z" }
wheels = [
    { url = "https://files.pythonhosted.org/packages/82/3b/64d4899d73f91ba49a8c18a8ff3f0ea8f1c1d75481760df8c68ef5235bf5/rich-15.0.0-py3-none-any.whl", hash = "sha256:33bd4ef74232fb73fe9279a257718407f169c09b78a87ad3d296f548e27de0bb", size = 310654, upload-time = "2026-04-12T08:24:02.83Z" },
]

[[package]]
name = "ruff"
version = "0.15.12"
source = { registry = "https://pypi.org/simple" }
sdist = { url = "https://files.pythonhosted.org/packages/99/43/3291f1cc9106f4c63bdce7a8d0df5047fe8422a75b091c16b5e9355e0b11/ruff-0.15.12.tar.gz", hash = "sha256:ecea26adb26b4232c0c2ca19ccbc0083a68344180bba2a600605538ce51a40a6", size = 4643852, upload-time = "2026-04-24T18:17:14.305Z" }
wheels = [
    { url = "https://files.pythonhosted.org/packages/c3/6e/e78ffb61d4686f3d96ba3df2c801161843746dcbcbb17a1e927d4829312b/ruff-0.15.12-py3-none-linux_armv6l.whl", hash = "sha256:f86f176e188e94d6bdbc09f09bfd9dc729059ad93d0e7390b5a73efe19f8861c", size = 10640713, upload-time = "2026-04-24T18:17:22.841Z" },
    { url = "https://files.pythonhosted.org/packages/ae/08/a317bc231fb9e7b93e4ef3089501e51922ff88d6936ce5cf870c4fe55419/ruff-0.15.12-py3-none-macosx_10_12_x86_64.whl", hash = "sha256:e3bcd123364c3770b8e1b7baaf343cc99a35f197c5c6e8af79015c666c423a6c", size = 11069267, upload-time = "2026-04-24T18:17:30.105Z" },
    { url = "https://files.pythonhosted.org/packages/aa/a4/f828e9718d3dce1f5f11c39c4f65afd32783c8b2aebb2e3d259e492c47bd/ruff-0.15.12-py3-none-macosx_11_0_arm64.whl", hash = "sha256:fe87510d000220aa1ed530d4448a7c696a0cae1213e5ec30e5874287b66557b5", size = 10397182, upload-time = "2026-04-24T18:17:07.177Z" },
    { url = "https://files.pythonhosted.org/packages/71/e0/3310fc6d1b5e1fdea22bf3b1b807c7e187b581021b0d7d4514cccdb5fb71/ruff-0.15.12-py3-none-manylinux_2_17_aarch64.manylinux2014_aarch64.whl", hash = "sha256:84a1630093121375a3e2a95b4a6dc7b59e2b4ee76216e32d81aae550a832d002", size = 10758012, upload-time = "2026-04-24T18:16:55.759Z" },
    { url = "https://files.pythonhosted.org/packages/11/c1/a606911aee04c324ddaa883ae418f3569792fd3c4a10c50e0dd0a2311e1e/ruff-0.15.12-py3-none-manylinux_2_17_armv7l.manylinux2014_armv7l.whl", hash = "sha256:fb129f40f114f089ebe0ca56c0d251cf2061b17651d464bb6478dc01e69f11f5", size = 10447479, upload-time = "2026-04-24T18:16:51.677Z" },
    { url = "https://files.pythonhosted.org/packages/9d/68/4201e8444f0894f21ab4aeeaee68aa4f10b51613514a20d80bd628d57e88/ruff-0.15.12-py3-none-manylinux_2_17_i686.manylinux2014_i686.whl", hash = "sha256:b0c862b172d695db7598426b8af465e7e9ac00a3ea2a3630ee67eb82e366aaa6", size = 11234040, upload-time = "2026-04-24T18:17:16.529Z" },
    { url = "https://files.pythonhosted.org/packages/34/ff/8a6d6cf4ccc23fd67060874e832c18919d1557a0611ebef03fdb01fff11e/ruff-0.15.12-py3-none-manylinux_2_17_ppc64le.manylinux2014_ppc64le.whl", hash = "sha256:2849ea9f3484c3aca43a82f484210370319e7170df4dfe4843395ddf6c57bc33", size = 12087377, upload-time = "2026-04-24T18:17:04.944Z" },
    { url = "https://files.pythonhosted.org/packages/85/f6/c669cf73f5152f623d34e69866a46d5e6185816b19fcd5b6dd8a2d299922/ruff-0.15.12-py3-none-manylinux_2_17_s390x.manylinux2014_s390x.whl", hash = "sha256:9e77c7e51c07fe396826d5969a5b846d9cd4c402535835fb6e21ce8b28fef847", size = 11367784, upload-time = "2026-04-24T18:17:25.409Z" },
    { url = "https://files.pythonhosted.org/packages/e8/39/c61d193b8a1daaa8977f7dea9e8d8ba866e02ea7b65d32f6861693aa4c12/ruff-0.15.12-py3-none-manylinux_2_17_x86_64.manylinux2014_x86_64.whl", hash = "sha256:83b2f4f2f3b1026b5fb449b467d9264bf22067b600f7b6f41fc5958909f449d0", size = 11344088, upload-time = "2026-04-24T18:17:12.258Z" },
    { url = "https://files.pythonhosted.org/packages/c2/8d/49afab3645e31e12c590acb6d3b5b69d7aab5b81926dbaf7461f9441f37a/ruff-0.15.12-py3-none-manylinux_2_31_riscv64.whl", hash = "sha256:9ba3b8f1afd7e2e43d8943e55f249e13f9682fde09711644a6e7290eb4f3e339", size = 11271770, upload-time = "2026-04-24T18:17:02.457Z" },
    { url = "https://files.pythonhosted.org/packages/46/06/33f41fe94403e2b755481cdfb9b7ef3e4e0ed031c4581124658d935d52b4/ruff-0.15.12-py3-none-musllinux_1_2_aarch64.whl", hash = "sha256:e852ba9fdc890655e1d78f2df1499efbe0e54126bd405362154a75e2bde159c5", size = 10719355, upload-time = "2026-04-24T18:17:27.648Z" },
    { url = "https://files.pythonhosted.org/packages/0d/59/18aa4e014debbf559670e4048e39260a85c7fcee84acfd761ac01e7b8d35/ruff-0.15.12-py3-none-musllinux_1_2_armv7l.whl", hash = "sha256:dd8aed930da53780d22fc70bdf84452c843cf64f8cb4eb38984319c24c5cd5fd", size = 10462758, upload-time = "2026-04-24T18:17:32.347Z" },
    { url = "https://files.pythonhosted.org/packages/25/e7/cc9f16fd0f3b5fddcbd7ec3d6ae30c8f3fde1047f32a4093a98d633c6570/ruff-0.15.12-py3-none-musllinux_1_2_i686.whl", hash = "sha256:01da3988d225628b709493d7dc67c3b9b12c0210016b08690ef9bd27970b262b", size = 10953498, upload-time = "2026-04-24T18:17:20.674Z" },
    { url = "https://files.pythonhosted.org/packages/72/7a/a9ba7f98c7a575978698f4230c5e8cc54bbc761af34f560818f933dafa0c/ruff-0.15.12-py3-none-musllinux_1_2_x86_64.whl", hash = "sha256:9cae0f92bd5700d1213188b31cd3bdd2b315361296d10b96b8e2337d3d11f53e", size = 11447765, upload-time = "2026-04-24T18:17:09.755Z" },
    { url = "https://files.pythonhosted.org/packages/ea/f9/0ae446942c846b8266059ad8a30702a35afae55f5cdc54c5adf8d7afdc27/ruff-0.15.12-py3-none-win32.whl", hash = "sha256:d0185894e038d7043ba8fd6aee7499ece6462dc0ea9f1e260c7451807c714c20", size = 10657277, upload-time = "2026-04-24T18:17:18.591Z" },
    { url = "https://files.pythonhosted.org/packages/33/f1/9614e03e1cdcbf9437570b5400ced8a720b5db22b28d8e0f1bda429f660d/ruff-0.15.12-py3-none-win_amd64.whl", hash = "sha256:c87a162d61ab3adca47c03f7f717c68672edec7d1b5499e652331780fe74950d", size = 11837758, upload-time = "2026-04-24T18:17:00.113Z" },
    { url = "https://files.pythonhosted.org/packages/c0/98/6beb4b351e472e5f4c4613f7c35a5290b8be2497e183825310c4c3a3984b/ruff-0.15.12-py3-none-win_arm64.whl", hash = "sha256:a538f7a82d061cee7be55542aca1d86d1393d55d81d4fcc314370f4340930d4f", size = 11120821, upload-time = "2026-04-24T18:16:57.979Z" },
]

[[package]]
name = "tzdata"
version = "2026.2"
source = { registry = "https://pypi.org/simple" }
sdist = { url = "https://files.pythonhosted.org/packages/ba/19/1b9b0e29f30c6d35cb345486df41110984ea67ae69dddbc0e8a100999493/tzdata-2026.2.tar.gz", hash = "sha256:9173fde7d80d9018e02a662e168e5a2d04f87c41ea174b139fbef642eda62d10", size = 198254, upload-time = "2026-04-24T15:22:08.651Z" }
wheels = [
    { url = "https://files.pythonhosted.org/packages/ce/e4/dccd7f47c4b64213ac01ef921a1337ee6e30e8c6466046018326977efd95/tzdata-2026.2-py2.py3-none-any.whl", hash = "sha256:bbe9af844f658da81a5f95019480da3a89415801f6cc966806612cc7169bffe7", size = 349321, upload-time = "2026-04-24T15:22:05.876Z" },
]

[[package]]
name = "tzlocal"
version = "5.3.1"
source = { registry = "https://pypi.org/simple" }
dependencies = [
    { name = "tzdata", marker = "sys_platform == 'win32'" },
]
sdist = { url = "https://files.pythonhosted.org/packages/8b/2e/c14812d3d4d9cd1773c6be938f89e5735a1f11a9f184ac3639b93cef35d5/tzlocal-5.3.1.tar.gz", hash = "sha256:cceffc7edecefea1f595541dbd6e990cb1ea3d19bf01b2809f362a03dd7921fd", size = 30761, upload-time = "2025-03-05T21:17:41.549Z" }
wheels = [
    { url = "https://files.pythonhosted.org/packages/c2/14/e2a54fabd4f08cd7af1c07030603c3356b74da07f7cc056e600436edfa17/tzlocal-5.3.1-py3-none-any.whl", hash = "sha256:eb1a66c3ef5847adf7a834f1be0800581b683b5608e74f86ecbcef8ab91bb85d", size = 18026, upload-time = "2025-03-05T21:17:39.857Z" },
]

[[package]]
name = "whenever"
version = "0.10.0"
source = { registry = "https://pypi.org/simple" }
dependencies = [
    { name = "tzdata", marker = "sys_platform == 'win32'" },
    { name = "tzlocal", marker = "sys_platform != 'darwin' and sys_platform != 'linux'" },
]
sdist = { url = "https://files.pythonhosted.org/packages/fd/13/281bc0bc19f0e2e9559a22137607271d6e684b0f9bcbaf0a95b95a5e9258/whenever-0.10.0.tar.gz", hash = "sha256:a5ef2b5493531de95294080495d4d9bce9691b4b3d681c6952c7a8b3d52d7a04", size = 429588, upload-time = "2026-04-05T18:43:50.199Z" }
wheels = [
    { url = "https://files.pythonhosted.org/packages/e8/89/65861b886729b89c6e1f4331562427ee2d5d12cde94c4001afad508cc662/whenever-0.10.0-cp314-cp314-macosx_10_12_x86_64.whl", hash = "sha256:6c884c6b206a63070ce1f58301a332e3b6606b53821d87f8b8e304a436bfbd26", size = 600633, upload-time = "2026-04-05T18:42:52.665Z" },
    { url = "https://files.pythonhosted.org/packages/f5/eb/2b3ef4807ceffcd7a447386350f180e8a130e87a642dd3f74c159eaa2573/whenever-0.10.0-cp314-cp314-macosx_11_0_arm64.whl", hash = "sha256:5a3c0712e41512c8063da2ea8da28b0db2445c74514143f464ccb44c907ac1ef", size = 582013, upload-time = "2026-04-05T18:42:54.53Z" },
    { url = "https://files.pythonhosted.org/packages/75/6f/a2ca2635fae996e030ab30b1ce0e1b54dbe19bbee5b303314eb5e53053bd/whenever-0.10.0-cp314-cp314-manylinux_2_17_aarch64.manylinux2014_aarch64.whl", hash = "sha256:4e96cf6c3b05b9aa4412d11e72bf50c001abda57e47b985ec31614e2efeeb9bc", size = 597635, upload-time = "2026-04-05T18:42:56.584Z" },
    { url = "https://files.pythonhosted.org/packages/ef/ee/fca46b640a2b843c3bfedd3d9aa7d7f417d1f0fa447f0fec9a3d6d2d3ee9/whenever-0.10.0-cp314-cp314-manylinux_2_17_armv7l.manylinux2014_armv7l.whl", hash = "sha256:1746fa35a3f598bee76aa92841c175b65926a49856ebc58116394ca46f0a9b7d", size = 653223, upload-time = "2026-04-05T18:42:58.315Z" },
    { url = "https://files.pythonhosted.org/packages/25/ef/4606964c6ca217b7932a600148fcc981a6cd722715d545e2975ee6bbefcc/whenever-0.10.0-cp314-cp314-manylinux_2_17_ppc64le.manylinux2014_ppc64le.whl", hash = "sha256:9c78ea92143b37c6922bc05cfd53e90e3322396a1e4ecd2db662b16cb990c414", size = 636816, upload-time = "2026-04-05T18:43:00.025Z" },
    { url = "https://files.pythonhosted.org/packages/bb/22/a77ca0c5e6507116b94400d5a5bf3182b350532933dd2296cd9fcd116551/whenever-0.10.0-cp314-cp314-manylinux_2_17_s390x.manylinux2014_s390x.whl", hash = "sha256:91a1b778b8ee154d70921cbf63e6a0949251a5ab93f077f1fa89167ff5e91b35", size = 648596, upload-time = "2026-04-05T18:43:01.879Z" },
    { url = "https://files.pythonhosted.org/packages/b9/4a/f4e3620f9542b092f31c3de6810e137cc1c01c33a5a25cc3f90a138b98a3/whenever-0.10.0-cp314-cp314-manylinux_2_17_x86_64.manylinux2014_x86_64.whl", hash = "sha256:5219a2663757dec9303fad9328fee2b06a64757cd316cf5fa4060b0bc2e4d032", size = 619185, upload-time = "2026-04-05T18:43:03.792Z" },
    { url = "https://files.pythonhosted.org/packages/10/55/902d311917ce27115b522b5a647ba4d805045ed49a2fe95407ea132d46ac/whenever-0.10.0-cp314-cp314-manylinux_2_5_i686.manylinux1_i686.whl", hash = "sha256:0dbd9b90d9279e95ff717a2f112822162ab4f3da04382a9dd0dd21e8daf28cf6", size = 671891, upload-time = "2026-04-05T18:43:05.834Z" },
    { url = "https://files.pythonhosted.org/packages/98/6f/bea8a92476b785fe55803ad524384d82ce691ff81ec6ef5078c555c06fdf/whenever-0.10.0-cp314-cp314-musllinux_1_2_aarch64.whl", hash = "sha256:86bb8042c6a40c29f4397e87bb5c89777f8e50111ce902d5665c3299cb7b3fc9", size = 773395, upload-time = "2026-04-05T18:43:07.895Z" },
    { url = "https://files.pythonhosted.org/packages/db/42/633b34d89e45c2e283f63d4461420d7c5a20209bdff54bd041971e1e4c61/whenever-0.10.0-cp314-cp314-musllinux_1_2_armv7l.whl", hash = "sha256:4083b5ae49323a2ed6d64fec9a665ac5dfafedd1e0d75591e26eb4f385216fc4", size = 929175, upload-time = "2026-04-05T18:43:09.913Z" },
    { url = "https://files.pythonhosted.org/packages/77/c0/cb6d0932da859f136a09d807e15de7e8d6832303744226434ee2f3fba3bf/whenever-0.10.0-cp314-cp314-musllinux_1_2_i686.whl", hash = "sha256:4e1ae2efdaaab4f1b51a50f2a0e576687c0be798fe0ec185b1b673f9a24d039c", size = 883239, upload-time = "2026-04-05T18:43:11.812Z" },
    { url = "https://files.pythonhosted.org/packages/0b/28/fd94b38a979c619fdc81a94765fdb5717b94f8288b7e4834a95858fdfba5/whenever-0.10.0-cp314-cp314-musllinux_1_2_x86_64.whl", hash = "sha256:7059ffb2ac2a8b4fc7c95f0db7a083fdb2eeb14034856a9277a000beaf7ecb31", size = 831475, upload-time = "2026-04-05T18:43:13.686Z" },
    { url = "https://files.pythonhosted.org/packages/56/ba/9afc25161daaafabb59b1f71559e65e8a5c0d9073a47f669775a802503a9/whenever-0.10.0-cp314-cp314-win32.whl", hash = "sha256:de5b2be02fa15e2b36e2de0e48185f872154d2aac9e66240aa2f4d6cbd79d1e0", size = 563167, upload-time = "2026-04-05T18:43:15.577Z" },
    { url = "https://files.pythonhosted.org/packages/c5/b2/8ad678802988ac7ad4937372cf8562f5c267d8ce605194a9409d4c1b9d82/whenever-0.10.0-cp314-cp314-win_amd64.whl", hash = "sha256:2a214d0d72db76611034a18f5d103663131f0d5b7a2518d571dbf121d766f446", size = 561210, upload-time = "2026-04-05T18:43:17.43Z" },
    { url = "https://files.pythonhosted.org/packages/3f/04/ee9cea596f5b5366f35cc1fdc351edb82233d7d5787e905b352ec9a193fb/whenever-0.10.0-cp314-cp314t-macosx_10_12_x86_64.whl", hash = "sha256:74008d13bbf6ee6c3d53e6b4e00dc2b9c2dd23b4d59543c58a0700a9622e3c43", size = 600820, upload-time = "2026-04-05T18:43:19.615Z" },
    { url = "https://files.pythonhosted.org/packages/8c/d7/124aecf53b82e5db2e9dd27d67c293dfd3f83f77efbc313c0a9617a9c1f0/whenever-0.10.0-cp314-cp314t-macosx_11_0_arm64.whl", hash = "sha256:060f6d710dc10b8ad87b1be59be0c67eda07b272095d32f23fa5483c01bbfbde", size = 581826, upload-time = "2026-04-05T18:43:21.428Z" },
    { url = "https://files.pythonhosted.org/packages/fd/71/8138baa7a6789b9a7f1ca88b81e0ebd2bec22e7ab879b08ef8923f0f757f/whenever-0.10.0-cp314-cp314t-manylinux_2_17_aarch64.manylinux2014_aarch64.whl", hash = "sha256:c34c72bab3d4387d83fd4b84b8ebdd706a12e39438ec56aff506ebb1318bdf8f", size = 598139, upload-time = "2026-04-05T18:43:23.683Z" },
    { url = "https://files.pythonhosted.org/packages/58/62/c1b6abba7b108c59515d4b8e889b7cb53fc8c5bbf82f91868f74b9ce5828/whenever-0.10.0-cp314-cp314t-manylinux_2_17_armv7l.manylinux2014_armv7l.whl", hash = "sha256:424641f831f7678fffbac1eb61cb32259fbfb3835813f84b59d66a4cfc8507a7", size = 653912, upload-time = "2026-04-05T18:43:25.534Z" },
    { url = "https://files.pythonhosted.org/packages/0c/35/c0dbe2119b53d7fd7721f95537b650736fada242b4786f4eba9ebfd2578c/whenever-0.10.0-cp314-cp314t-manylinux_2_17_ppc64le.manylinux2014_ppc64le.whl", hash = "sha256:19fd25cdfebb82da8bc901c5fc701b230af5c9737455edd78d93f22f023f053a", size = 637727, upload-time = "2026-04-05T18:43:27.492Z" },
    { url = "https://files.pythonhosted.org/packages/8b/7e/134b9ca00ed2e1a913fd766745160c103405bb6e7fa5094c08dc9394506f/whenever-0.10.0-cp314-cp314t-manylinux_2_17_s390x.manylinux2014_s390x.whl", hash = "sha256:a82849f50fe3ed25ae30d3c0f65ad772d6d9652b4c1f687c6d092b04fc4dc88a", size = 649651, upload-time = "2026-04-05T18:43:29.679Z" },
    { url = "https://files.pythonhosted.org/packages/da/8a/b6223ddc515810cf69653c6ea24fff7f4f638d183baa86f824ada1b79996/whenever-0.10.0-cp314-cp314t-manylinux_2_17_x86_64.manylinux2014_x86_64.whl", hash = "sha256:f9dba313ce89af668f519db441a3901341789e1b428ca51f0b4d930d7423748a", size = 619009, upload-time = "2026-04-05T18:43:31.948Z" },
    { url = "https://files.pythonhosted.org/packages/d7/e9/f7bb8a72935d64c3a753ad137259575fa98503c837d08b459b1c920348fb/whenever-0.10.0-cp314-cp314t-manylinux_2_5_i686.manylinux1_i686.whl", hash = "sha256:229c1b06e31a5089342dd2680eeb96c7194bbd1ccdbc35b688b1f21379022b63", size = 671544, upload-time = "2026-04-05T18:43:33.838Z" },
    { url = "https://files.pythonhosted.org/packages/43/7d/bbfe6deff3147b8f18ec63b8f91bb7c507003441b4a1006fbb42a9f1ce2a/whenever-0.10.0-cp314-cp314t-musllinux_1_2_aarch64.whl", hash = "sha256:9fef6e1379f31fc3fdb9a0221130a06d8572a7791cb0e8ef3713009b96525184", size = 775094, upload-time = "2026-04-05T18:43:35.667Z" },
    { url = "https://files.pythonhosted.org/packages/8d/e0/7449e7c22206123224e46864a90498038966608ab6c266faa893e44ec9ac/whenever-0.10.0-cp314-cp314t-musllinux_1_2_armv7l.whl", hash = "sha256:782e564cda904e83e1c5f95ff0b68d7fc0d322d5b740e32b573a3e038299a04b", size = 929505, upload-time = "2026-04-05T18:43:37.607Z" },
    { url = "https://files.pythonhosted.org/packages/2e/06/81203b1fa283c95b932363403334db4a4af4ab1b8208eb949315cc60eed3/whenever-0.10.0-cp314-cp314t-musllinux_1_2_i686.whl", hash = "sha256:203c9c0c02846bd5d47b767c5ef45c94658cf25f8eff537039e7d03f354c9db2", size = 882725, upload-time = "2026-04-05T18:43:39.526Z" },
    { url = "https://files.pythonhosted.org/packages/dd/97/e5bcb2670ec99bb4a8b6fcbac24b706bf80e59761b07e75bd3eb8910f597/whenever-0.10.0-cp314-cp314t-musllinux_1_2_x86_64.whl", hash = "sha256:2dae6ebc9008af8e4022e61f3fa7a69f96a283dfd18a4064b441f17772b78808", size = 831773, upload-time = "2026-04-05T18:43:41.504Z" },
    { url = "https://files.pythonhosted.org/packages/e0/82/b351bf95bd95efe13e215398bfa5627e84e32408ebdf8568a483d3f4d9aa/whenever-0.10.0-cp314-cp314t-win32.whl", hash = "sha256:743220a5fa5b4e60f64d2e8f29eba258d8703dace9b640f38eda4ccd13ac559e", size = 563834, upload-time = "2026-04-05T18:43:43.966Z" },
    { url = "https://files.pythonhosted.org/packages/53/43/62f04f661286ce2c93310fb0682c1c6665c9804567923861b2382676c91d/whenever-0.10.0-cp314-cp314t-win_amd64.whl", hash = "sha256:8f7482cc1b1d019fbcfad83b31f783b0eaf5390aada329f044dc04921bb5ea2b", size = 560313, upload-time = "2026-04-05T18:43:46.293Z" },
    { url = "https://files.pythonhosted.org/packages/ed/b5/38fba836844233b961a0026d96f39f893eab63757e7757fd1d16fb02aa80/whenever-0.10.0-py3-none-any.whl", hash = "sha256:70feda454af6b2c231abd428b9430cd75492a000ca1d1edc42976d6fea265eec", size = 119264, upload-time = "2026-04-05T18:43:48.077Z" },
]
